
Microsoft Visual Studio Solution File, Format Version 12.00
# Visual Studio Version 17
VisualStudioVersion = 17.14.36811.4 d17.14
MinimumVisualStudioVersion = 10.0.40219.1
Project("{FAE04EC0-301F-11D3-BF4B-00C04F79EFBC}") = "C365_ScanPack_DeliveryInstructions", "C365_ScanPack_DeliveryInstructions\C365_ScanPack_DeliveryInstructions.csproj", "{FC495253-62A4-4804-8DB6-A83B01389BD2}"
EndProject
Global
	GlobalSection(SolutionConfigurationPlatforms) = preSolution
		Debug|Any CPU = Debug|Any CPU
		Release|Any CPU = Release|Any CPU
	EndGlobalSection
	GlobalSection(ProjectConfigurationPlatforms) = postSolution
		{FC495253-62A4-4804-8DB6-A83B01389BD2}.Debug|Any CPU.ActiveCfg = Debug|Any CPU
		{FC495253-62A4-4804-8DB6-A83B01389BD2}.Debug|Any CPU.Build.0 = Debug|Any CPU
		{FC495253-62A4-4804-8DB6-A83B01389BD2}.Release|Any CPU.ActiveCfg = Release|Any CPU
		{FC495253-62A4-4804-8DB6-A83B01389BD2}.Release|Any CPU.Build.0 = Release|Any CPU
	EndGlobalSection
	GlobalSection(SolutionProperties) = preSolution
		HideSolutionNode = FALSE
	EndGlobalSection
	GlobalSection(ExtensibilityGlobals) = postSolution
		SolutionGuid = {55793F4C-5633-47DE-9775-638CA26D3813}
	EndGlobalSection
EndGlobal
