
Microsoft Visual Studio Solution File, Format Version 12.00
# Visual Studio Version 17
VisualStudioVersion = 17.13.36105.23
MinimumVisualStudioVersion = 10.0.40219.1
Project("{FAE04EC0-301F-11D3-BF4B-00C04F79EFBC}") = "C365_Scan_and_Pack_Bin_Populates_PT_V2", "C365_Scan_and_Pack_Bin_Populates_PT_V2.csproj", "{9243DC04-339E-4FA7-9FC2-A4E8621C846C}"
EndProject
Global
	GlobalSection(SolutionConfigurationPlatforms) = preSolution
		Debug|Any CPU = Debug|Any CPU
		Release|Any CPU = Release|Any CPU
	EndGlobalSection
	GlobalSection(ProjectConfigurationPlatforms) = postSolution
		{9243DC04-339E-4FA7-9FC2-A4E8621C846C}.Debug|Any CPU.ActiveCfg = Debug|Any CPU
		{9243DC04-339E-4FA7-9FC2-A4E8621C846C}.Debug|Any CPU.Build.0 = Debug|Any CPU
		{9243DC04-339E-4FA7-9FC2-A4E8621C846C}.Release|Any CPU.ActiveCfg = Release|Any CPU
		{9243DC04-339E-4FA7-9FC2-A4E8621C846C}.Release|Any CPU.Build.0 = Release|Any CPU
	EndGlobalSection
	GlobalSection(SolutionProperties) = preSolution
		HideSolutionNode = FALSE
	EndGlobalSection
	GlobalSection(ExtensibilityGlobals) = postSolution
		SolutionGuid = {E3C9FF46-7CDF-43E7-A2E0-350152A3930B}
	EndGlobalSection
EndGlobal
